
Microsoft Visual Studio Solution File, Format Version 12.00
# Visual Studio Version 17
VisualStudioVersion = 17.1.32319.34
MinimumVisualStudioVersion = 10.0.40219.1
Project("{9A19103F-16F7-4668-BE54-9A1E7A4F7556}") = "CSharp Training Part 2", "CSharp Training Part 2.csproj", "{FA7D2FBC-7C80-492D-9FF9-209745A22C17}"
EndProject
Project("{9A19103F-16F7-4668-BE54-9A1E7A4F7556}") = "LinqTest", "..\Chapter9\LinqTest\LinqTest.csproj", "{8E146938-2D29-4578-A404-686B8D542C40}"
EndProject
Project("{9A19103F-16F7-4668-BE54-9A1E7A4F7556}") = "JimmysCatalog", "..\Chapter9\JimmysCatalog\JimmysCatalog.csproj", "{D358B524-9BEB-40B5-B4E5-75AB334E3ED6}"
EndProject
Project("{9A19103F-16F7-4668-BE54-9A1E7A4F7556}") = "PlayingAroundWithLinqVersatile", "..\Chapter9\PlayingAroundWithLinqVersatile\PlayingAroundWithLinqVersatile.csproj", "{1C56CD19-840F-4C5C-B4A3-8C58679D42FD}"
EndProject
Project("{9A19103F-16F7-4668-BE54-9A1E7A4F7556}") = "CardLinq", "..\Chapter9\CardLinq\CardLinq.csproj", "{C917942B-AF59-4D45-AA7E-85CCBAB55E93}"
EndProject
Project("{9A19103F-16F7-4668-BE54-9A1E7A4F7556}") = "LinqJoinAnonymousTypes", "..\Chapter9\LinqJoinAnonymousTypes\LinqJoinAnonymousTypes.csproj", "{A55A1661-E71F-4F50-A76A-35A98E7047AA}"
EndProject
Project("{9A19103F-16F7-4668-BE54-9A1E7A4F7556}") = "jimmyLINQ", "..\Chapter9\jimmyLINQ\jimmyLINQ.csproj", "{4A730B90-05A7-4BC5-8BF4-AB4A7FB97498}"
EndProject
Project("{9A19103F-16F7-4668-BE54-9A1E7A4F7556}") = "JimmyLinqUnitTests", "..\Chapter9\JimmyLinqUnitTests\JimmyLinqUnitTests.csproj", "{A9A72EB6-9149-4C21-9049-B906737C0FA5}"
EndProject
Project("{9A19103F-16F7-4668-BE54-9A1E7A4F7556}") = "lambdaTestDrive", "..\Chapter9\lambdaTestDrive\lambdaTestDrive.csproj", "{3D23F9A9-F1D8-4135-A517-F5259AB641DF}"
EndProject
Project("{9A19103F-16F7-4668-BE54-9A1E7A4F7556}") = "Clowns", "..\Chapter9\Clowns\Clowns\Clowns.csproj", "{405B06D7-E2D7-442D-ACE5-C58E1E954FA5}"
EndProject
Project("{9A19103F-16F7-4668-BE54-9A1E7A4F7556}") = "LinqAndLambda", "..\Chapter9\LinqAndLambda\LinqAndLambda.csproj", "{90898943-7295-445E-A4CC-93F26D36C7A4}"
EndProject
Project("{9A19103F-16F7-4668-BE54-9A1E7A4F7556}") = "switchWithLINQExpressions", "..\Chapter9\switchWithLINQExpressions\switchWithLINQExpressions.csproj", "{25293E0C-2E91-43F2-9207-CC91B0EC9FF3}"
EndProject
Project("{9A19103F-16F7-4668-BE54-9A1E7A4F7556}") = "DeckCardSwitchLambdaExpression", "..\Chapter9\DeckCardSwitchLambdaExpression\DeckCardSwitchLambdaExpression.csproj", "{5CA71C7C-3E89-4394-8E50-2DD9DFAC6757}"
EndProject
Project("{9A19103F-16F7-4668-BE54-9A1E7A4F7556}") = "Explore the Enumerable class", "..\Explore the Enumerable class\Explore the Enumerable class.csproj", "{BAC10250-D40B-4913-A75E-B29FDC012BFD}"
EndProject
Project("{9A19103F-16F7-4668-BE54-9A1E7A4F7556}") = "yield return", "..\yield return\yield return.csproj", "{FC7F92F1-7B8F-4ED6-97BD-53EE6CDB7BC4}"
EndProject
Project("{9A19103F-16F7-4668-BE54-9A1E7A4F7556}") = "Yield Return the Power of 2", "..\Yield Return the Power of 2\Yield Return the Power of 2.csproj", "{82641D1E-E525-4283-9097-6B85684D4E38}"
EndProject
Project("{9A19103F-16F7-4668-BE54-9A1E7A4F7556}") = "FirstTryWithStream", "..\Chapter10\FirstTryWithStream\FirstTryWithStream.csproj", "{097A12E6-00A9-4AC9-BBF4-98CBF3E36490}"
EndProject
Project("{9A19103F-16F7-4668-BE54-9A1E7A4F7556}") = "DirectoryStuff", "..\Chapter10\DirectoryStuff\DirectoryStuff.csproj", "{609CC45A-8A28-4733-B568-B44DA82322AD}"
EndProject
Project("{9A19103F-16F7-4668-BE54-9A1E7A4F7556}") = "Avoid filesystem errors with using statements", "..\Chapter10\Avoid filesystem errors with using statements\Avoid filesystem errors with using statements.csproj", "{C2E0B38E-E949-4E81-B856-27C63AFA16CF}"
EndProject
Project("{9A19103F-16F7-4668-BE54-9A1E7A4F7556}") = "MemoryStream", "..\Chapter10\MemoryStream\MemoryStream.csproj", "{A2B175D0-64F9-47DC-BEDB-E9B3F21F4F42}"
EndProject
Project("{9A19103F-16F7-4668-BE54-9A1E7A4F7556}") = "JsonSerialization", "..\Chapter10\JsonSerialization\JsonSerialization.csproj", "{41B2D294-BE41-4FA7-9466-95EF8BEA9E42}"
EndProject
Project("{9A19103F-16F7-4668-BE54-9A1E7A4F7556}") = "BinaryWriter", "..\Chapter10\BinaryWriter\BinaryWriter.csproj", "{38ADF397-7D69-4AE3-B81C-5B182D19690F}"
EndProject
Project("{FAE04EC0-301F-11D3-BF4B-00C04F79EFBC}") = "destruction", "..\Chapter11\destruction\destruction.csproj", "{227F1426-853B-4F0F-A3F0-861ADB87FDF3}"
EndProject
Project("{FAE04EC0-301F-11D3-BF4B-00C04F79EFBC}") = "structVsObjects", "..\Chapter11\structVsObjects\structVsObjects.csproj", "{05C55786-D655-4A6C-9CCC-38299E2D751F}"
EndProject
Global
	GlobalSection(SolutionConfigurationPlatforms) = preSolution
		Debug|Any CPU = Debug|Any CPU
		Release|Any CPU = Release|Any CPU
	EndGlobalSection
	GlobalSection(ProjectConfigurationPlatforms) = postSolution
		{FA7D2FBC-7C80-492D-9FF9-209745A22C17}.Debug|Any CPU.ActiveCfg = Debug|Any CPU
		{FA7D2FBC-7C80-492D-9FF9-209745A22C17}.Debug|Any CPU.Build.0 = Debug|Any CPU
		{FA7D2FBC-7C80-492D-9FF9-209745A22C17}.Release|Any CPU.ActiveCfg = Release|Any CPU
		{FA7D2FBC-7C80-492D-9FF9-209745A22C17}.Release|Any CPU.Build.0 = Release|Any CPU
		{8E146938-2D29-4578-A404-686B8D542C40}.Debug|Any CPU.ActiveCfg = Debug|Any CPU
		{8E146938-2D29-4578-A404-686B8D542C40}.Debug|Any CPU.Build.0 = Debug|Any CPU
		{8E146938-2D29-4578-A404-686B8D542C40}.Release|Any CPU.ActiveCfg = Release|Any CPU
		{8E146938-2D29-4578-A404-686B8D542C40}.Release|Any CPU.Build.0 = Release|Any CPU
		{D358B524-9BEB-40B5-B4E5-75AB334E3ED6}.Debug|Any CPU.ActiveCfg = Debug|Any CPU
		{D358B524-9BEB-40B5-B4E5-75AB334E3ED6}.Debug|Any CPU.Build.0 = Debug|Any CPU
		{D358B524-9BEB-40B5-B4E5-75AB334E3ED6}.Release|Any CPU.ActiveCfg = Release|Any CPU
		{D358B524-9BEB-40B5-B4E5-75AB334E3ED6}.Release|Any CPU.Build.0 = Release|Any CPU
		{1C56CD19-840F-4C5C-B4A3-8C58679D42FD}.Debug|Any CPU.ActiveCfg = Debug|Any CPU
		{1C56CD19-840F-4C5C-B4A3-8C58679D42FD}.Debug|Any CPU.Build.0 = Debug|Any CPU
		{1C56CD19-840F-4C5C-B4A3-8C58679D42FD}.Release|Any CPU.ActiveCfg = Release|Any CPU
		{1C56CD19-840F-4C5C-B4A3-8C58679D42FD}.Release|Any CPU.Build.0 = Release|Any CPU
		{C917942B-AF59-4D45-AA7E-85CCBAB55E93}.Debug|Any CPU.ActiveCfg = Debug|Any CPU
		{C917942B-AF59-4D45-AA7E-85CCBAB55E93}.Debug|Any CPU.Build.0 = Debug|Any CPU
		{C917942B-AF59-4D45-AA7E-85CCBAB55E93}.Release|Any CPU.ActiveCfg = Release|Any CPU
		{C917942B-AF59-4D45-AA7E-85CCBAB55E93}.Release|Any CPU.Build.0 = Release|Any CPU
		{A55A1661-E71F-4F50-A76A-35A98E7047AA}.Debug|Any CPU.ActiveCfg = Debug|Any CPU
		{A55A1661-E71F-4F50-A76A-35A98E7047AA}.Debug|Any CPU.Build.0 = Debug|Any CPU
		{A55A1661-E71F-4F50-A76A-35A98E7047AA}.Release|Any CPU.ActiveCfg = Release|Any CPU
		{A55A1661-E71F-4F50-A76A-35A98E7047AA}.Release|Any CPU.Build.0 = Release|Any CPU
		{4A730B90-05A7-4BC5-8BF4-AB4A7FB97498}.Debug|Any CPU.ActiveCfg = Debug|Any CPU
		{4A730B90-05A7-4BC5-8BF4-AB4A7FB97498}.Debug|Any CPU.Build.0 = Debug|Any CPU
		{4A730B90-05A7-4BC5-8BF4-AB4A7FB97498}.Release|Any CPU.ActiveCfg = Release|Any CPU
		{4A730B90-05A7-4BC5-8BF4-AB4A7FB97498}.Release|Any CPU.Build.0 = Release|Any CPU
		{A9A72EB6-9149-4C21-9049-B906737C0FA5}.Debug|Any CPU.ActiveCfg = Debug|Any CPU
		{A9A72EB6-9149-4C21-9049-B906737C0FA5}.Debug|Any CPU.Build.0 = Debug|Any CPU
		{A9A72EB6-9149-4C21-9049-B906737C0FA5}.Release|Any CPU.ActiveCfg = Release|Any CPU
		{A9A72EB6-9149-4C21-9049-B906737C0FA5}.Release|Any CPU.Build.0 = Release|Any CPU
		{3D23F9A9-F1D8-4135-A517-F5259AB641DF}.Debug|Any CPU.ActiveCfg = Debug|Any CPU
		{3D23F9A9-F1D8-4135-A517-F5259AB641DF}.Debug|Any CPU.Build.0 = Debug|Any CPU
		{3D23F9A9-F1D8-4135-A517-F5259AB641DF}.Release|Any CPU.ActiveCfg = Release|Any CPU
		{3D23F9A9-F1D8-4135-A517-F5259AB641DF}.Release|Any CPU.Build.0 = Release|Any CPU
		{405B06D7-E2D7-442D-ACE5-C58E1E954FA5}.Debug|Any CPU.ActiveCfg = Debug|Any CPU
		{405B06D7-E2D7-442D-ACE5-C58E1E954FA5}.Debug|Any CPU.Build.0 = Debug|Any CPU
		{405B06D7-E2D7-442D-ACE5-C58E1E954FA5}.Release|Any CPU.ActiveCfg = Release|Any CPU
		{405B06D7-E2D7-442D-ACE5-C58E1E954FA5}.Release|Any CPU.Build.0 = Release|Any CPU
		{90898943-7295-445E-A4CC-93F26D36C7A4}.Debug|Any CPU.ActiveCfg = Debug|Any CPU
		{90898943-7295-445E-A4CC-93F26D36C7A4}.Debug|Any CPU.Build.0 = Debug|Any CPU
		{90898943-7295-445E-A4CC-93F26D36C7A4}.Release|Any CPU.ActiveCfg = Release|Any CPU
		{90898943-7295-445E-A4CC-93F26D36C7A4}.Release|Any CPU.Build.0 = Release|Any CPU
		{25293E0C-2E91-43F2-9207-CC91B0EC9FF3}.Debug|Any CPU.ActiveCfg = Debug|Any CPU
		{25293E0C-2E91-43F2-9207-CC91B0EC9FF3}.Debug|Any CPU.Build.0 = Debug|Any CPU
		{25293E0C-2E91-43F2-9207-CC91B0EC9FF3}.Release|Any CPU.ActiveCfg = Release|Any CPU
		{25293E0C-2E91-43F2-9207-CC91B0EC9FF3}.Release|Any CPU.Build.0 = Release|Any CPU
		{5CA71C7C-3E89-4394-8E50-2DD9DFAC6757}.Debug|Any CPU.ActiveCfg = Debug|Any CPU
		{5CA71C7C-3E89-4394-8E50-2DD9DFAC6757}.Debug|Any CPU.Build.0 = Debug|Any CPU
		{5CA71C7C-3E89-4394-8E50-2DD9DFAC6757}.Release|Any CPU.ActiveCfg = Release|Any CPU
		{5CA71C7C-3E89-4394-8E50-2DD9DFAC6757}.Release|Any CPU.Build.0 = Release|Any CPU
		{BAC10250-D40B-4913-A75E-B29FDC012BFD}.Debug|Any CPU.ActiveCfg = Debug|Any CPU
		{BAC10250-D40B-4913-A75E-B29FDC012BFD}.Debug|Any CPU.Build.0 = Debug|Any CPU
		{BAC10250-D40B-4913-A75E-B29FDC012BFD}.Release|Any CPU.ActiveCfg = Release|Any CPU
		{BAC10250-D40B-4913-A75E-B29FDC012BFD}.Release|Any CPU.Build.0 = Release|Any CPU
		{FC7F92F1-7B8F-4ED6-97BD-53EE6CDB7BC4}.Debug|Any CPU.ActiveCfg = Debug|Any CPU
		{FC7F92F1-7B8F-4ED6-97BD-53EE6CDB7BC4}.Debug|Any CPU.Build.0 = Debug|Any CPU
		{FC7F92F1-7B8F-4ED6-97BD-53EE6CDB7BC4}.Release|Any CPU.ActiveCfg = Release|Any CPU
		{FC7F92F1-7B8F-4ED6-97BD-53EE6CDB7BC4}.Release|Any CPU.Build.0 = Release|Any CPU
		{82641D1E-E525-4283-9097-6B85684D4E38}.Debug|Any CPU.ActiveCfg = Debug|Any CPU
		{82641D1E-E525-4283-9097-6B85684D4E38}.Debug|Any CPU.Build.0 = Debug|Any CPU
		{82641D1E-E525-4283-9097-6B85684D4E38}.Release|Any CPU.ActiveCfg = Release|Any CPU
		{82641D1E-E525-4283-9097-6B85684D4E38}.Release|Any CPU.Build.0 = Release|Any CPU
		{097A12E6-00A9-4AC9-BBF4-98CBF3E36490}.Debug|Any CPU.ActiveCfg = Debug|Any CPU
		{097A12E6-00A9-4AC9-BBF4-98CBF3E36490}.Debug|Any CPU.Build.0 = Debug|Any CPU
		{097A12E6-00A9-4AC9-BBF4-98CBF3E36490}.Release|Any CPU.ActiveCfg = Release|Any CPU
		{097A12E6-00A9-4AC9-BBF4-98CBF3E36490}.Release|Any CPU.Build.0 = Release|Any CPU
		{609CC45A-8A28-4733-B568-B44DA82322AD}.Debug|Any CPU.ActiveCfg = Debug|Any CPU
		{609CC45A-8A28-4733-B568-B44DA82322AD}.Debug|Any CPU.Build.0 = Debug|Any CPU
		{609CC45A-8A28-4733-B568-B44DA82322AD}.Release|Any CPU.ActiveCfg = Release|Any CPU
		{609CC45A-8A28-4733-B568-B44DA82322AD}.Release|Any CPU.Build.0 = Release|Any CPU
		{C2E0B38E-E949-4E81-B856-27C63AFA16CF}.Debug|Any CPU.ActiveCfg = Debug|Any CPU
		{C2E0B38E-E949-4E81-B856-27C63AFA16CF}.Debug|Any CPU.Build.0 = Debug|Any CPU
		{C2E0B38E-E949-4E81-B856-27C63AFA16CF}.Release|Any CPU.ActiveCfg = Release|Any CPU
		{C2E0B38E-E949-4E81-B856-27C63AFA16CF}.Release|Any CPU.Build.0 = Release|Any CPU
		{A2B175D0-64F9-47DC-BEDB-E9B3F21F4F42}.Debug|Any CPU.ActiveCfg = Debug|Any CPU
		{A2B175D0-64F9-47DC-BEDB-E9B3F21F4F42}.Debug|Any CPU.Build.0 = Debug|Any CPU
		{A2B175D0-64F9-47DC-BEDB-E9B3F21F4F42}.Release|Any CPU.ActiveCfg = Release|Any CPU
		{A2B175D0-64F9-47DC-BEDB-E9B3F21F4F42}.Release|Any CPU.Build.0 = Release|Any CPU
		{41B2D294-BE41-4FA7-9466-95EF8BEA9E42}.Debug|Any CPU.ActiveCfg = Debug|Any CPU
		{41B2D294-BE41-4FA7-9466-95EF8BEA9E42}.Debug|Any CPU.Build.0 = Debug|Any CPU
		{41B2D294-BE41-4FA7-9466-95EF8BEA9E42}.Release|Any CPU.ActiveCfg = Release|Any CPU
		{41B2D294-BE41-4FA7-9466-95EF8BEA9E42}.Release|Any CPU.Build.0 = Release|Any CPU
		{38ADF397-7D69-4AE3-B81C-5B182D19690F}.Debug|Any CPU.ActiveCfg = Debug|Any CPU
		{38ADF397-7D69-4AE3-B81C-5B182D19690F}.Debug|Any CPU.Build.0 = Debug|Any CPU
		{38ADF397-7D69-4AE3-B81C-5B182D19690F}.Release|Any CPU.ActiveCfg = Release|Any CPU
		{38ADF397-7D69-4AE3-B81C-5B182D19690F}.Release|Any CPU.Build.0 = Release|Any CPU
		{227F1426-853B-4F0F-A3F0-861ADB87FDF3}.Debug|Any CPU.ActiveCfg = Debug|Any CPU
		{227F1426-853B-4F0F-A3F0-861ADB87FDF3}.Debug|Any CPU.Build.0 = Debug|Any CPU
		{227F1426-853B-4F0F-A3F0-861ADB87FDF3}.Release|Any CPU.ActiveCfg = Release|Any CPU
		{227F1426-853B-4F0F-A3F0-861ADB87FDF3}.Release|Any CPU.Build.0 = Release|Any CPU
		{05C55786-D655-4A6C-9CCC-38299E2D751F}.Debug|Any CPU.ActiveCfg = Debug|Any CPU
		{05C55786-D655-4A6C-9CCC-38299E2D751F}.Debug|Any CPU.Build.0 = Debug|Any CPU
		{05C55786-D655-4A6C-9CCC-38299E2D751F}.Release|Any CPU.ActiveCfg = Release|Any CPU
		{05C55786-D655-4A6C-9CCC-38299E2D751F}.Release|Any CPU.Build.0 = Release|Any CPU
	EndGlobalSection
	GlobalSection(SolutionProperties) = preSolution
		HideSolutionNode = FALSE
	EndGlobalSection
	GlobalSection(ExtensibilityGlobals) = postSolution
		SolutionGuid = {6382709F-FA38-4C29-91D6-28EBB67BE310}
	EndGlobalSection
EndGlobal
